// !$*UTF8*$!
{
	archiveVersion = 1;
	classes = {
	};
	objectVersion = 46;
	objects = {

/* Begin PBXBuildFile section */
		D69285F11BB6D7610069B765 /* AppDelegate.swift in Sources */ = {isa = PBXBuildFile; fileRef = D69285F01BB6D7610069B765 /* AppDelegate.swift */; };
		D69285F81BB6D7610069B765 /* Assets.xcassets in Resources */ = {isa = PBXBuildFile; fileRef = D69285F71BB6D7610069B765 /* Assets.xcassets */; };
		D69285FB1BB6D7610069B765 /* LaunchScreen.storyboard in Resources */ = {isa = PBXBuildFile; fileRef = D69285F91BB6D7610069B765 /* LaunchScreen.storyboard */; };
		D69286041BB6D8C60069B765 /* Main.storyboard in Resources */ = {isa = PBXBuildFile; fileRef = D69286021BB6D8C60069B765 /* Main.storyboard */; settings = {ASSET_TAGS = (); }; };
		D69286061BB6D8D10069B765 /* ViewController.swift in Sources */ = {isa = PBXBuildFile; fileRef = D69286051BB6D8D10069B765 /* ViewController.swift */; settings = {ASSET_TAGS = (); }; };
		DC2D7473E9BFCAA69BCA6D60 /* Pods_PromiseKitSampleApp.framework in Frameworks */ = {isa = PBXBuildFile; fileRef = 62CB915AB9BF41DA5DC1B887 /* Pods_PromiseKitSampleApp.framework */; settings = {ATTRIBUTES = (Weak, ); }; };
/* End PBXBuildFile section */

/* Begin PBXFileReference section */
		585E586E3AF45E46C55C6B91 /* Pods-PromiseKitSampleApp.release.xcconfig */ = {isa = PBXFileReference; includeInIndex = 1; lastKnownFileType = text.xcconfig; name = "Pods-PromiseKitSampleApp.release.xcconfig"; path = "Pods/Target Support Files/Pods-PromiseKitSampleApp/Pods-PromiseKitSampleApp.release.xcconfig"; sourceTree = "<group>"; };
		62CB915AB9BF41DA5DC1B887 /* Pods_PromiseKitSampleApp.framework */ = {isa = PBXFileReference; explicitFileType = wrapper.framework; includeInIndex = 0; path = Pods_PromiseKitSampleApp.framework; sourceTree = BUILT_PRODUCTS_DIR; };
		8DA66C68FC3CE4237BDD4CF2 /* Pods-PromiseKitSampleApp.debug.xcconfig */ = {isa = PBXFileReference; includeInIndex = 1; lastKnownFileType = text.xcconfig; name = "Pods-PromiseKitSampleApp.debug.xcconfig"; path = "Pods/Target Support Files/Pods-PromiseKitSampleApp/Pods-PromiseKitSampleApp.debug.xcconfig"; sourceTree = "<group>"; };
		D69285ED1BB6D7610069B765 /* PromiseKitSampleApp.app */ = {isa = PBXFileReference; explicitFileType = wrapper.application; includeInIndex = 0; path = PromiseKitSampleApp.app; sourceTree = BUILT_PRODUCTS_DIR; };
		D69285F01BB6D7610069B765 /* AppDelegate.swift */ = {isa = PBXFileReference; lastKnownFileType = sourcecode.swift; path = AppDelegate.swift; sourceTree = "<group>"; };
		D69285F71BB6D7610069B765 /* Assets.xcassets */ = {isa = PBXFileReference; lastKnownFileType = folder.assetcatalog; path = Assets.xcassets; sourceTree = "<group>"; };
		D69285FA1BB6D7610069B765 /* Base */ = {isa = PBXFileReference; lastKnownFileType = file.storyboard; name = Base; path = Base.lproj/LaunchScreen.storyboard; sourceTree = "<group>"; };
		D69285FC1BB6D7610069B765 /* Info.plist */ = {isa = PBXFileReference; lastKnownFileType = text.plist.xml; path = Info.plist; sourceTree = "<group>"; };
		D69286031BB6D8C60069B765 /* Base */ = {isa = PBXFileReference; lastKnownFileType = file.storyboard; name = Base; path = Base.lproj/Main.storyboard; sourceTree = "<group>"; };
		D69286051BB6D8D10069B765 /* ViewController.swift */ = {isa = PBXFileReference; fileEncoding = 4; lastKnownFileType = sourcecode.swift; path = ViewController.swift; sourceTree = "<group>"; };
/* End PBXFileReference section */

/* Begin PBXFrameworksBuildPhase section */
		D69285EA1BB6D7610069B765 /* Frameworks */ = {
			isa = PBXFrameworksBuildPhase;
			buildActionMask = 2147483647;
			files = (
				DC2D7473E9BFCAA69BCA6D60 /* Pods_PromiseKitSampleApp.framework in Frameworks */,
			);
			runOnlyForDeploymentPostprocessing = 0;
		};
/* End PBXFrameworksBuildPhase section */

/* Begin PBXGroup section */
		75A50D66AEA817E6D8DA7932 /* Pods */ = {
			isa = PBXGroup;
			children = (
				8DA66C68FC3CE4237BDD4CF2 /* Pods-PromiseKitSampleApp.debug.xcconfig */,
				585E586E3AF45E46C55C6B91 /* Pods-PromiseKitSampleApp.release.xcconfig */,
			);
			name = Pods;
			sourceTree = "<group>";
		};
		C705C5F83783A09E4341AD2F /* Frameworks */ = {
			isa = PBXGroup;
			children = (
				62CB915AB9BF41DA5DC1B887 /* Pods_PromiseKitSampleApp.framework */,
			);
			name = Frameworks;
			sourceTree = "<group>";
		};
		D69285E41BB6D7610069B765 = {
			isa = PBXGroup;
			children = (
				D69285EF1BB6D7610069B765 /* PromiseKitSampleApp */,
				D69285EE1BB6D7610069B765 /* Products */,
				75A50D66AEA817E6D8DA7932 /* Pods */,
				C705C5F83783A09E4341AD2F /* Frameworks */,
			);
			sourceTree = "<group>";
		};
		D69285EE1BB6D7610069B765 /* Products */ = {
			isa = PBXGroup;
			children = (
				D69285ED1BB6D7610069B765 /* PromiseKitSampleApp.app */,
			);
			name = Products;
			sourceTree = "<group>";
		};
		D69285EF1BB6D7610069B765 /* PromiseKitSampleApp */ = {
			isa = PBXGroup;
			children = (
				D69285F01BB6D7610069B765 /* AppDelegate.swift */,
				D69286021BB6D8C60069B765 /* Main.storyboard */,
				D69286051BB6D8D10069B765 /* ViewController.swift */,
				D69285F71BB6D7610069B765 /* Assets.xcassets */,
				D69285F91BB6D7610069B765 /* LaunchScreen.storyboard */,
				D69285FC1BB6D7610069B765 /* Info.plist */,
			);
			path = PromiseKitSampleApp;
			sourceTree = "<group>";
		};
/* End PBXGroup section */

/* Begin PBXNativeTarget section */
		D69285EC1BB6D7610069B765 /* PromiseKitSampleApp */ = {
			isa = PBXNativeTarget;
			buildConfigurationList = D69285FF1BB6D7610069B765 /* Build configuration list for PBXNativeTarget "PromiseKitSampleApp" */;
			buildPhases = (
				CC2B4584DA70F24F4BF35BDD /* Check Pods Manifest.lock */,
				D69285E91BB6D7610069B765 /* Sources */,
				D69285EA1BB6D7610069B765 /* Frameworks */,
				D69285EB1BB6D7610069B765 /* Resources */,
				69C8B08928088CA805FD8BFA /* Embed Pods Frameworks */,
				BB38D215DDAA11CB60A92079 /* Copy Pods Resources */,
			);
			buildRules = (
			);
			dependencies = (
			);
			name = PromiseKitSampleApp;
			productName = PromiseKitSampleApp;
			productReference = D69285ED1BB6D7610069B765 /* PromiseKitSampleApp.app */;
			productType = "com.apple.product-type.application";
		};
/* End PBXNativeTarget section */

/* Begin PBXProject section */
		D69285E51BB6D7610069B765 /* Project object */ = {
			isa = PBXProject;
			attributes = {
				LastUpgradeCheck = 0700;
				ORGANIZATIONNAME = "Masahiko Tsujita";
				TargetAttributes = {
					D69285EC1BB6D7610069B765 = {
						CreatedOnToolsVersion = 7.0;
					};
				};
			};
			buildConfigurationList = D69285E81BB6D7610069B765 /* Build configuration list for PBXProject "PromiseKitSampleApp" */;
			compatibilityVersion = "Xcode 3.2";
			developmentRegion = English;
			hasScannedForEncodings = 0;
			knownRegions = (
				en,
				Base,
			);
			mainGroup = D69285E41BB6D7610069B765;
			productRefGroup = D69285EE1BB6D7610069B765 /* Products */;
			projectDirPath = "";
			projectRoot = "";
			targets = (
				D69285EC1BB6D7610069B765 /* PromiseKitSampleApp */,
			);
		};
/* End PBXProject section */

/* Begin PBXResourcesBuildPhase section */
		D69285EB1BB6D7610069B765 /* Resources */ = {
			isa = PBXResourcesBuildPhase;
			buildActionMask = 2147483647;
			files = (
				D69286041BB6D8C60069B765 /* Main.storyboard in Resources */,
				D69285FB1BB6D7610069B765 /* LaunchScreen.storyboard in Resources */,
				D69285F81BB6D7610069B765 /* Assets.xcassets in Resources */,
			);
			runOnlyForDeploymentPostprocessing = 0;
		};
/* End PBXResourcesBuildPhase section */

/* Begin PBXShellScriptBuildPhase section */
		69C8B08928088CA805FD8BFA /* Embed Pods Frameworks */ = {
			isa = PBXShellScriptBuildPhase;
			buildActionMask = 2147483647;
			files = (
			);
			inputPaths = (
			);
			name = "Embed Pods Frameworks";
			outputPaths = (
			);
			runOnlyForDeploymentPostprocessing = 0;
			shellPath = /bin/sh;
			shellScript = "\"${SRCROOT}/Pods/Target Support Files/Pods-PromiseKitSampleApp/Pods-PromiseKitSampleApp-frameworks.sh\"\n";
			showEnvVarsInLog = 0;
		};
		BB38D215DDAA11CB60A92079 /* Copy Pods Resources */ = {
			isa = PBXShellScriptBuildPhase;
			buildActionMask = 2147483647;
			files = (
			);
			inputPaths = (
			);
			name = "Copy Pods Resources";
			outputPaths = (
			);
			runOnlyForDeploymentPostprocessing = 0;
			shellPath = /bin/sh;
			shellScript = "\"${SRCROOT}/Pods/Target Support Files/Pods-PromiseKitSampleApp/Pods-PromiseKitSampleApp-resources.sh\"\n";
			showEnvVarsInLog = 0;
		};
		CC2B4584DA70F24F4BF35BDD /* Check Pods Manifest.lock */ = {
			isa = PBXShellScriptBuildPhase;
			buildActionMask = 2147483647;
			files = (
			);
			inputPaths = (
			);
			name = "Check Pods Manifest.lock";
			outputPaths = (
			);
			runOnlyForDeploymentPostprocessing = 0;
			shellPath = /bin/sh;
			shellScript = "diff \"${PODS_ROOT}/../Podfile.lock\" \"${PODS_ROOT}/Manifest.lock\" > /dev/null\nif [[ $? != 0 ]] ; then\n    cat << EOM\nerror: The sandbox is not in sync with the Podfile.lock. Run 'pod install' or update your CocoaPods installation.\nEOM\n    exit 1\nfi\n";
			showEnvVarsInLog = 0;
		};
/* End PBXShellScriptBuildPhase section */

/* Begin PBXSourcesBuildPhase section */
		D69285E91BB6D7610069B765 /* Sources */ = {
			isa = PBXSourcesBuildPhase;
			buildActionMask = 2147483647;
			files = (
				D69286061BB6D8D10069B765 /* ViewController.swift in Sources */,
				D69285F11BB6D7610069B765 /* AppDelegate.swift in Sources */,
			);
			runOnlyForDeploymentPostprocessing = 0;
		};
/* End PBXSourcesBuildPhase section */

/* Begin PBXVariantGroup section */
		D69285F91BB6D7610069B765 /* LaunchScreen.storyboard */ = {
			isa = PBXVariantGroup;
			children = (
				D69285FA1BB6D7610069B765 /* Base */,
			);
			name = LaunchScreen.storyboard;
			sourceTree = "<group>";
		};
		D69286021BB6D8C60069B765 /* Main.storyboard */ = {
			isa = PBXVariantGroup;
			children = (
				D69286031BB6D8C60069B765 /* Base */,
			);
			name = Main.storyboard;
			sourceTree = "<group>";
		};
/* End PBXVariantGroup section */

/* Begin XCBuildConfiguration section */
		D69285FD1BB6D7610069B765 /* Debug */ = {
			isa = XCBuildConfiguration;
			buildSettings = {
				ALWAYS_SEARCH_USER_PATHS = NO;
				CLANG_CXX_LANGUAGE_STANDARD = "gnu++0x";
				CLANG_CXX_LIBRARY = "libc++";
				CLANG_ENABLE_MODULES = YES;
				CLANG_ENABLE_OBJC_ARC = YES;
				CLANG_WARN_BOOL_CONVERSION = YES;
				CLANG_WARN_CONSTANT_CONVERSION = YES;
				CLANG_WARN_DIRECT_OBJC_ISA_USAGE = YES_ERROR;
				CLANG_WARN_EMPTY_BODY = YES;
				CLANG_WARN_ENUM_CONVERSION = YES;
				CLANG_WARN_INT_CONVERSION = YES;
				CLANG_WARN_OBJC_ROOT_CLASS = YES_ERROR;
				CLANG_WARN_UNREACHABLE_CODE = YES;
				CLANG_WARN__DUPLICATE_METHOD_MATCH = YES;
				"CODE_SIGN_IDENTITY[sdk=iphoneos*]" = "iPhone Developer";
				COPY_PHASE_STRIP = NO;
				DEBUG_INFORMATION_FORMAT = dwarf;
				ENABLE_STRICT_OBJC_MSGSEND = YES;
				ENABLE_TESTABILITY = YES;
				GCC_C_LANGUAGE_STANDARD = gnu99;
				GCC_DYNAMIC_NO_PIC = NO;
				GCC_NO_COMMON_BLOCKS = YES;
				GCC_OPTIMIZATION_LEVEL = 0;
				GCC_PREPROCESSOR_DEFINITIONS = (
					"DEBUG=1",
					"$(inherited)",
				);
				GCC_WARN_64_TO_32_BIT_CONVERSION = YES;
				GCC_WARN_ABOUT_RETURN_TYPE = YES_ERROR;
				GCC_WARN_UNDECLARED_SELECTOR = YES;
				GCC_WARN_UNINITIALIZED_AUTOS = YES_AGGRESSIVE;
				GCC_WARN_UNUSED_FUNCTION = YES;
				GCC_WARN_UNUSED_VARIABLE = YES;
				IPHONEOS_DEPLOYMENT_TARGET = 9.0;
				MTL_ENABLE_DEBUG_INFO = YES;
				ONLY_ACTIVE_ARCH = YES;
				SDKROOT = iphoneos;
				SWIFT_OPTIMIZATION_LEVEL = "-Onone";
				TARGETED_DEVICE_FAMILY = "1,2";
			};
			name = Debug;
		};
		D69285FE1BB6D7610069B765 /* Release */ = {
			isa = XCBuildConfiguration;
			buildSettings = {
				ALWAYS_SEARCH_USER_PATHS = NO;
				CLANG_CXX_LANGUAGE_STANDARD = "gnu++0x";
				CLANG_CXX_LIBRARY = "libc++";
				CLANG_ENABLE_MODULES = YES;
				CLANG_ENABLE_OBJC_ARC = YES;
				CLANG_WARN_BOOL_CONVERSION = YES;
				CLANG_WARN_CONSTANT_CONVERSION = YES;
				CLANG_WARN_DIRECT_OBJC_ISA_USAGE = YES_ERROR;
				CLANG_WARN_EMPTY_BODY = YES;
				CLANG_WARN_ENUM_CONVERSION = YES;
				CLANG_WARN_INT_CONVERSION = YES;
				CLANG_WARN_OBJC_ROOT_CLASS = YES_ERROR;
				CLANG_WARN_UNREACHABLE_CODE = YES;
				CLANG_WARN__DUPLICATE_METHOD_MATCH = YES;
				"CODE_SIGN_IDENTITY[sdk=iphoneos*]" = "iPhone Developer";
				COPY_PHASE_STRIP = NO;
				DEBUG_INFORMATION_FORMAT = "dwarf-with-dsym";
				ENABLE_NS_ASSERTIONS = NO;
				ENABLE_STRICT_OBJC_MSGSEND = YES;
				GCC_C_LANGUAGE_STANDARD = gnu99;
				GCC_NO_COMMON_BLOCKS = YES;
				GCC_WARN_64_TO_32_BIT_CONVERSION = YES;
				GCC_WARN_ABOUT_RETURN_TYPE = YES_ERROR;
				GCC_WARN_UNDECLARED_SELECTOR = YES;
				GCC_WARN_UNINITIALIZED_AUTOS = YES_AGGRESSIVE;
				GCC_WARN_UNUSED_FUNCTION = YES;
				GCC_WARN_UNUSED_VARIABLE = YES;
				IPHONEOS_DEPLOYMENT_TARGET = 9.0;
				MTL_ENABLE_DEBUG_INFO = NO;
				SDKROOT = iphoneos;
				TARGETED_DEVICE_FAMILY = "1,2";
				VALIDATE_PRODUCT = YES;
			};
			name = Release;
		};
		D69286001BB6D7610069B765 /* Debug */ = {
			isa = XCBuildConfiguration;
			baseConfigurationReference = 8DA66C68FC3CE4237BDD4CF2 /* Pods-PromiseKitSampleApp.debug.xcconfig */;
			buildSettings = {
				ASSETCATALOG_COMPILER_APPICON_NAME = AppIcon;
				INFOPLIST_FILE = PromiseKitSampleApp/Info.plist;
				LD_RUNPATH_SEARCH_PATHS = "$(inherited) @executable_path/Frameworks";
				PRODUCT_BUNDLE_IDENTIFIER = jp.tsujitamasahiko.PromiseKitSampleApp;
				PRODUCT_NAME = "$(TARGET_NAME)";
			};
			name = Debug;
		};
		D69286011BB6D7610069B765 /* Release */ = {
			isa = XCBuildConfiguration;
			baseConfigurationReference = 585E586E3AF45E46C55C6B91 /* Pods-PromiseKitSampleApp.release.xcconfig */;
			buildSettings = {
				ASSETCATALOG_COMPILER_APPICON_NAME = AppIcon;
				INFOPLIST_FILE = PromiseKitSampleApp/Info.plist;
				LD_RUNPATH_SEARCH_PATHS = "$(inherited) @executable_path/Frameworks";
				PRODUCT_BUNDLE_IDENTIFIER = jp.tsujitamasahiko.PromiseKitSampleApp;
				PRODUCT_NAME = "$(TARGET_NAME)";
			};
			name = Release;
		};
/* End XCBuildConfiguration section */

/* Begin XCConfigurationList section */
		D69285E81BB6D7610069B765 /* Build configuration list for PBXProject "PromiseKitSampleApp" */ = {
			isa = XCConfigurationList;
			buildConfigurations = (
				D69285FD1BB6D7610069B765 /* Debug */,
				D69285FE1BB6D7610069B765 /* Release */,
			);
			defaultConfigurationIsVisible = 0;
			defaultConfigurationName = Release;
		};
		D69285FF1BB6D7610069B765 /* Build configuration list for PBXNativeTarget "PromiseKitSampleApp" */ = {
			isa = XCConfigurationList;
			buildConfigurations = (
				D69286001BB6D7610069B765 /* Debug */,
				D69286011BB6D7610069B765 /* Release */,
			);
			defaultConfigurationIsVisible = 0;
			defaultConfigurationName = Release;
		};
/* End XCConfigurationList section */
	};
	rootObject = D69285E51BB6D7610069B765 /* Project object */;
}
